
Microsoft Visual Studio Solution File, Format Version 12.00
# Visual Studio 15
VisualStudioVersion = 15.0.28010.2016
MinimumVisualStudioVersion = 10.0.40219.1
Project("{FAE04EC0-301F-11D3-BF4B-00C04F79EFBC}") = "Polymorphism", "Polymorphism\Polymorphism.csproj", "{EE403678-2D56-47EE-988D-B409EE86A032}"
EndProject
Project("{FAE04EC0-301F-11D3-BF4B-00C04F79EFBC}") = "BL", "BL\BL.csproj", "{31168211-199F-4949-ACA2-0C2FBE587054}"
EndProject
Global
	GlobalSection(SolutionConfigurationPlatforms) = preSolution
		Debug|Any CPU = Debug|Any CPU
		Release|Any CPU = Release|Any CPU
	EndGlobalSection
	GlobalSection(ProjectConfigurationPlatforms) = postSolution
		{EE403678-2D56-47EE-988D-B409EE86A032}.Debug|Any CPU.ActiveCfg = Debug|Any CPU
		{EE403678-2D56-47EE-988D-B409EE86A032}.Debug|Any CPU.Build.0 = Debug|Any CPU
		{EE403678-2D56-47EE-988D-B409EE86A032}.Release|Any CPU.ActiveCfg = Release|Any CPU
		{EE403678-2D56-47EE-988D-B409EE86A032}.Release|Any CPU.Build.0 = Release|Any CPU
		{31168211-199F-4949-ACA2-0C2FBE587054}.Debug|Any CPU.ActiveCfg = Debug|Any CPU
		{31168211-199F-4949-ACA2-0C2FBE587054}.Debug|Any CPU.Build.0 = Debug|Any CPU
		{31168211-199F-4949-ACA2-0C2FBE587054}.Release|Any CPU.ActiveCfg = Release|Any CPU
		{31168211-199F-4949-ACA2-0C2FBE587054}.Release|Any CPU.Build.0 = Release|Any CPU
	EndGlobalSection
	GlobalSection(SolutionProperties) = preSolution
		HideSolutionNode = FALSE
	EndGlobalSection
	GlobalSection(ExtensibilityGlobals) = postSolution
		SolutionGuid = {69F017CB-6D39-4A5E-92BE-7A84DAC743BE}
	EndGlobalSection
EndGlobal
